
Microsoft Visual Studio Solution File, Format Version 12.00
# Visual Studio Version 16
VisualStudioVersion = 16.0.29411.108
MinimumVisualStudioVersion = 10.0.40219.1
Project("{FAE04EC0-301F-11D3-BF4B-00C04F79EFBC}") = "List03-Ex07-Bissexto", "List03-Ex07-Sissexto\List03-Ex07-Bissexto.csproj", "{3807B4AC-6319-4FFB-8587-6FF9019E52BD}"
EndProject
Project("{FAE04EC0-301F-11D3-BF4B-00C04F79EFBC}") = "List03-Ex9-PesoIdeal", "List03-Ex9-PesoIdeal\List03-Ex9-PesoIdeal.csproj", "{508B9CED-97B0-478E-A1B9-210F4C10443C}"
EndProject
Project("{FAE04EC0-301F-11D3-BF4B-00C04F79EFBC}") = "List03-Ex10-IMC", "List03-Ex10-IMC\List03-Ex10-IMC.csproj", "{A22CA837-5B12-446F-8EA6-61450CFB986C}"
EndProject
Project("{FAE04EC0-301F-11D3-BF4B-00C04F79EFBC}") = "List03-Ex13-Peso-Planetas", "List03-Ex13-Peso-Planetas\List03-Ex13-Peso-Planetas.csproj", "{0EEBA22D-F573-494B-B1FA-9A7F15B23BCA}"
EndProject
Project("{FAE04EC0-301F-11D3-BF4B-00C04F79EFBC}") = "List03-Ex14-Converter-Em-Mes", "List03-Ex14-Converter-Em-Mes\List03-Ex14-Converter-Em-Mes.csproj", "{61C4F884-6086-4786-9382-4164E39D3C9D}"
EndProject
Global
	GlobalSection(SolutionConfigurationPlatforms) = preSolution
		Debug|Any CPU = Debug|Any CPU
		Release|Any CPU = Release|Any CPU
	EndGlobalSection
	GlobalSection(ProjectConfigurationPlatforms) = postSolution
		{3807B4AC-6319-4FFB-8587-6FF9019E52BD}.Debug|Any CPU.ActiveCfg = Debug|Any CPU
		{3807B4AC-6319-4FFB-8587-6FF9019E52BD}.Debug|Any CPU.Build.0 = Debug|Any CPU
		{3807B4AC-6319-4FFB-8587-6FF9019E52BD}.Release|Any CPU.ActiveCfg = Release|Any CPU
		{3807B4AC-6319-4FFB-8587-6FF9019E52BD}.Release|Any CPU.Build.0 = Release|Any CPU
		{508B9CED-97B0-478E-A1B9-210F4C10443C}.Debug|Any CPU.ActiveCfg = Debug|Any CPU
		{508B9CED-97B0-478E-A1B9-210F4C10443C}.Debug|Any CPU.Build.0 = Debug|Any CPU
		{508B9CED-97B0-478E-A1B9-210F4C10443C}.Release|Any CPU.ActiveCfg = Release|Any CPU
		{508B9CED-97B0-478E-A1B9-210F4C10443C}.Release|Any CPU.Build.0 = Release|Any CPU
		{A22CA837-5B12-446F-8EA6-61450CFB986C}.Debug|Any CPU.ActiveCfg = Debug|Any CPU
		{A22CA837-5B12-446F-8EA6-61450CFB986C}.Debug|Any CPU.Build.0 = Debug|Any CPU
		{A22CA837-5B12-446F-8EA6-61450CFB986C}.Release|Any CPU.ActiveCfg = Release|Any CPU
		{A22CA837-5B12-446F-8EA6-61450CFB986C}.Release|Any CPU.Build.0 = Release|Any CPU
		{0EEBA22D-F573-494B-B1FA-9A7F15B23BCA}.Debug|Any CPU.ActiveCfg = Debug|Any CPU
		{0EEBA22D-F573-494B-B1FA-9A7F15B23BCA}.Debug|Any CPU.Build.0 = Debug|Any CPU
		{0EEBA22D-F573-494B-B1FA-9A7F15B23BCA}.Release|Any CPU.ActiveCfg = Release|Any CPU
		{0EEBA22D-F573-494B-B1FA-9A7F15B23BCA}.Release|Any CPU.Build.0 = Release|Any CPU
		{61C4F884-6086-4786-9382-4164E39D3C9D}.Debug|Any CPU.ActiveCfg = Debug|Any CPU
		{61C4F884-6086-4786-9382-4164E39D3C9D}.Debug|Any CPU.Build.0 = Debug|Any CPU
		{61C4F884-6086-4786-9382-4164E39D3C9D}.Release|Any CPU.ActiveCfg = Release|Any CPU
		{61C4F884-6086-4786-9382-4164E39D3C9D}.Release|Any CPU.Build.0 = Release|Any CPU
	EndGlobalSection
	GlobalSection(SolutionProperties) = preSolution
		HideSolutionNode = FALSE
	EndGlobalSection
	GlobalSection(ExtensibilityGlobals) = postSolution
		SolutionGuid = {B5B3C4A7-C247-4FD0-AAE2-A3039FA27F78}
	EndGlobalSection
EndGlobal
