
Microsoft Visual Studio Solution File, Format Version 12.00
# Visual Studio Version 16
VisualStudioVersion = 16.0.29411.108
MinimumVisualStudioVersion = 10.0.40219.1
Project("{FAE04EC0-301F-11D3-BF4B-00C04F79EFBC}") = "List03-Ex07-Bissexto", "List03-Ex07-Sissexto\List03-Ex07-Bissexto.csproj", "{3807B4AC-6319-4FFB-8587-6FF9019E52BD}"
EndProject
Project("{FAE04EC0-301F-11D3-BF4B-00C04F79EFBC}") = "List03-Ex9-PesoIdeal", "List03-Ex9-PesoIdeal\List03-Ex9-PesoIdeal.csproj", "{508B9CED-97B0-478E-A1B9-210F4C10443C}"
EndProject
Project("{FAE04EC0-301F-11D3-BF4B-00C04F79EFBC}") = "List03-Ex10-IMC", "List03-Ex10-IMC\List03-Ex10-IMC.csproj", "{A22CA837-5B12-446F-8EA6-61450CFB986C}"
EndProject
Project("{FAE04EC0-301F-11D3-BF4B-00C04F79EFBC}") = "List03-Ex13-Peso-Planetas", "List03-Ex13-Peso-Planetas\List03-Ex13-Peso-Planetas.csproj", "{0EEBA22D-F573-494B-B1FA-9A7F15B23BCA}"
EndProject
Project("{FAE04EC0-301F-11D3-BF4B-00C04F79EFBC}") = "List03-Ex14-Converter-Em-Mes", "List03-Ex14-Converter-Em-Mes\List03-Ex14-Converter-Em-Mes.csproj", "{61C4F884-6086-4786-9382-4164E39D3C9D}"
EndProject
Project("{FAE04EC0-301F-11D3-BF4B-00C04F79EFBC}") = "List04-Estudo-Ciclos", "List04-Estudo-Ciclos\List04-Estudo-Ciclos.csproj", "{7724BD04-6CB8-47AB-A359-1F48ABA8315B}"
EndProject
Project("{FAE04EC0-301F-11D3-BF4B-00C04F79EFBC}") = "List04-Ex01-Media-N-Numeros", "List04-Ex01-Media-N-Numeros\List04-Ex01-Media-N-Numeros.csproj", "{8484C614-59F0-4B61-AB44-74CE9D6FF9D2}"
EndProject
Project("{FAE04EC0-301F-11D3-BF4B-00C04F79EFBC}") = "List04-Ex02-Loop-Bissexto", "List04-Ex02-Loop-Bissexto\List04-Ex02-Loop-Bissexto.csproj", "{F1158C35-3942-499D-87D0-3EF0128B737B}"
EndProject
Project("{FAE04EC0-301F-11D3-BF4B-00C04F79EFBC}") = "Lista04-Ex04-MaxMin", "Lista04-Ex04-MaxMin\Lista04-Ex04-MaxMin.csproj", "{A2B7D524-A9C8-4F8E-9FFA-1C0EECE857FA}"
EndProject
Project("{FAE04EC0-301F-11D3-BF4B-00C04F79EFBC}") = "List04-Ex10-Notas-Alunos", "List04-Ex10-Notas-Alunos\List04-Ex10-Notas-Alunos.csproj", "{B011CB25-9FD6-44E3-84DB-5B561DA9922B}"
EndProject
Project("{FAE04EC0-301F-11D3-BF4B-00C04F79EFBC}") = "List04-Ex7-Encomendas", "List04-Ex7-Encomendas\List04-Ex7-Encomendas.csproj", "{0BF99734-F5EB-4F5D-A3DC-E125FE04B52C}"
EndProject
Project("{FAE04EC0-301F-11D3-BF4B-00C04F79EFBC}") = "List05-Funcoes-e-Procedimentos", "List05-Funcoes-e-Procedimentos\List05-Funcoes-e-Procedimentos.csproj", "{7AFDA0B6-C518-451F-A115-2811BCE424D7}"
EndProject
Project("{FAE04EC0-301F-11D3-BF4B-00C04F79EFBC}") = "List05-Pontos", "List05-Pontos\List05-Pontos.csproj", "{3DE24D57-0BFE-42FE-B274-F052927ED94D}"
EndProject
Project("{FAE04EC0-301F-11D3-BF4B-00C04F79EFBC}") = "List05-Ex3e4-Par-Ou-Impar", "List05-Exercicio-Par-Ou-Impar\List05-Ex3e4-Par-Ou-Impar.csproj", "{D6DEA88B-9C0E-4CFC-97BB-E53C9AE2CE96}"
EndProject
Project("{FAE04EC0-301F-11D3-BF4B-00C04F79EFBC}") = "List5-Arrays", "List5-Arrays\List5-Arrays.csproj", "{54A0A95B-DAEF-4684-B29F-995F0B01143B}"
EndProject
Project("{FAE04EC0-301F-11D3-BF4B-00C04F79EFBC}") = "List06-Ex1-Sequencia-10-numeros-Vector-Divisivel-por-3", "List06-Ex1-Sequencia-10-numeros-Vector-Divisivel-por-3\List06-Ex1-Sequencia-10-numeros-Vector-Divisivel-por-3.csproj", "{A74A4C43-1316-44EF-B116-CE9A1064B79C}"
EndProject
Project("{FAE04EC0-301F-11D3-BF4B-00C04F79EFBC}") = "List06-Ex5-Lista-notas", "List06-Ex5-Lista-notas\List06-Ex5-Lista-notas.csproj", "{1E0A4D10-52DA-4AAD-AD4D-7D2BD007F898}"
EndProject
Global
	GlobalSection(SolutionConfigurationPlatforms) = preSolution
		Debug|Any CPU = Debug|Any CPU
		Release|Any CPU = Release|Any CPU
	EndGlobalSection
	GlobalSection(ProjectConfigurationPlatforms) = postSolution
		{3807B4AC-6319-4FFB-8587-6FF9019E52BD}.Debug|Any CPU.ActiveCfg = Debug|Any CPU
		{3807B4AC-6319-4FFB-8587-6FF9019E52BD}.Debug|Any CPU.Build.0 = Debug|Any CPU
		{3807B4AC-6319-4FFB-8587-6FF9019E52BD}.Release|Any CPU.ActiveCfg = Release|Any CPU
		{3807B4AC-6319-4FFB-8587-6FF9019E52BD}.Release|Any CPU.Build.0 = Release|Any CPU
		{508B9CED-97B0-478E-A1B9-210F4C10443C}.Debug|Any CPU.ActiveCfg = Debug|Any CPU
		{508B9CED-97B0-478E-A1B9-210F4C10443C}.Debug|Any CPU.Build.0 = Debug|Any CPU
		{508B9CED-97B0-478E-A1B9-210F4C10443C}.Release|Any CPU.ActiveCfg = Release|Any CPU
		{508B9CED-97B0-478E-A1B9-210F4C10443C}.Release|Any CPU.Build.0 = Release|Any CPU
		{A22CA837-5B12-446F-8EA6-61450CFB986C}.Debug|Any CPU.ActiveCfg = Debug|Any CPU
		{A22CA837-5B12-446F-8EA6-61450CFB986C}.Debug|Any CPU.Build.0 = Debug|Any CPU
		{A22CA837-5B12-446F-8EA6-61450CFB986C}.Release|Any CPU.ActiveCfg = Release|Any CPU
		{A22CA837-5B12-446F-8EA6-61450CFB986C}.Release|Any CPU.Build.0 = Release|Any CPU
		{0EEBA22D-F573-494B-B1FA-9A7F15B23BCA}.Debug|Any CPU.ActiveCfg = Debug|Any CPU
		{0EEBA22D-F573-494B-B1FA-9A7F15B23BCA}.Debug|Any CPU.Build.0 = Debug|Any CPU
		{0EEBA22D-F573-494B-B1FA-9A7F15B23BCA}.Release|Any CPU.ActiveCfg = Release|Any CPU
		{0EEBA22D-F573-494B-B1FA-9A7F15B23BCA}.Release|Any CPU.Build.0 = Release|Any CPU
		{61C4F884-6086-4786-9382-4164E39D3C9D}.Debug|Any CPU.ActiveCfg = Debug|Any CPU
		{61C4F884-6086-4786-9382-4164E39D3C9D}.Debug|Any CPU.Build.0 = Debug|Any CPU
		{61C4F884-6086-4786-9382-4164E39D3C9D}.Release|Any CPU.ActiveCfg = Release|Any CPU
		{61C4F884-6086-4786-9382-4164E39D3C9D}.Release|Any CPU.Build.0 = Release|Any CPU
		{7724BD04-6CB8-47AB-A359-1F48ABA8315B}.Debug|Any CPU.ActiveCfg = Debug|Any CPU
		{7724BD04-6CB8-47AB-A359-1F48ABA8315B}.Debug|Any CPU.Build.0 = Debug|Any CPU
		{7724BD04-6CB8-47AB-A359-1F48ABA8315B}.Release|Any CPU.ActiveCfg = Release|Any CPU
		{7724BD04-6CB8-47AB-A359-1F48ABA8315B}.Release|Any CPU.Build.0 = Release|Any CPU
		{8484C614-59F0-4B61-AB44-74CE9D6FF9D2}.Debug|Any CPU.ActiveCfg = Debug|Any CPU
		{8484C614-59F0-4B61-AB44-74CE9D6FF9D2}.Debug|Any CPU.Build.0 = Debug|Any CPU
		{8484C614-59F0-4B61-AB44-74CE9D6FF9D2}.Release|Any CPU.ActiveCfg = Release|Any CPU
		{8484C614-59F0-4B61-AB44-74CE9D6FF9D2}.Release|Any CPU.Build.0 = Release|Any CPU
		{F1158C35-3942-499D-87D0-3EF0128B737B}.Debug|Any CPU.ActiveCfg = Debug|Any CPU
		{F1158C35-3942-499D-87D0-3EF0128B737B}.Debug|Any CPU.Build.0 = Debug|Any CPU
		{F1158C35-3942-499D-87D0-3EF0128B737B}.Release|Any CPU.ActiveCfg = Release|Any CPU
		{F1158C35-3942-499D-87D0-3EF0128B737B}.Release|Any CPU.Build.0 = Release|Any CPU
		{A2B7D524-A9C8-4F8E-9FFA-1C0EECE857FA}.Debug|Any CPU.ActiveCfg = Debug|Any CPU
		{A2B7D524-A9C8-4F8E-9FFA-1C0EECE857FA}.Debug|Any CPU.Build.0 = Debug|Any CPU
		{A2B7D524-A9C8-4F8E-9FFA-1C0EECE857FA}.Release|Any CPU.ActiveCfg = Release|Any CPU
		{A2B7D524-A9C8-4F8E-9FFA-1C0EECE857FA}.Release|Any CPU.Build.0 = Release|Any CPU
		{B011CB25-9FD6-44E3-84DB-5B561DA9922B}.Debug|Any CPU.ActiveCfg = Debug|Any CPU
		{B011CB25-9FD6-44E3-84DB-5B561DA9922B}.Debug|Any CPU.Build.0 = Debug|Any CPU
		{B011CB25-9FD6-44E3-84DB-5B561DA9922B}.Release|Any CPU.ActiveCfg = Release|Any CPU
		{B011CB25-9FD6-44E3-84DB-5B561DA9922B}.Release|Any CPU.Build.0 = Release|Any CPU
		{0BF99734-F5EB-4F5D-A3DC-E125FE04B52C}.Debug|Any CPU.ActiveCfg = Debug|Any CPU
		{0BF99734-F5EB-4F5D-A3DC-E125FE04B52C}.Debug|Any CPU.Build.0 = Debug|Any CPU
		{0BF99734-F5EB-4F5D-A3DC-E125FE04B52C}.Release|Any CPU.ActiveCfg = Release|Any CPU
		{0BF99734-F5EB-4F5D-A3DC-E125FE04B52C}.Release|Any CPU.Build.0 = Release|Any CPU
		{7AFDA0B6-C518-451F-A115-2811BCE424D7}.Debug|Any CPU.ActiveCfg = Debug|Any CPU
		{7AFDA0B6-C518-451F-A115-2811BCE424D7}.Debug|Any CPU.Build.0 = Debug|Any CPU
		{7AFDA0B6-C518-451F-A115-2811BCE424D7}.Release|Any CPU.ActiveCfg = Release|Any CPU
		{7AFDA0B6-C518-451F-A115-2811BCE424D7}.Release|Any CPU.Build.0 = Release|Any CPU
		{3DE24D57-0BFE-42FE-B274-F052927ED94D}.Debug|Any CPU.ActiveCfg = Debug|Any CPU
		{3DE24D57-0BFE-42FE-B274-F052927ED94D}.Debug|Any CPU.Build.0 = Debug|Any CPU
		{3DE24D57-0BFE-42FE-B274-F052927ED94D}.Release|Any CPU.ActiveCfg = Release|Any CPU
		{3DE24D57-0BFE-42FE-B274-F052927ED94D}.Release|Any CPU.Build.0 = Release|Any CPU
		{D6DEA88B-9C0E-4CFC-97BB-E53C9AE2CE96}.Debug|Any CPU.ActiveCfg = Debug|Any CPU
		{D6DEA88B-9C0E-4CFC-97BB-E53C9AE2CE96}.Debug|Any CPU.Build.0 = Debug|Any CPU
		{D6DEA88B-9C0E-4CFC-97BB-E53C9AE2CE96}.Release|Any CPU.ActiveCfg = Release|Any CPU
		{D6DEA88B-9C0E-4CFC-97BB-E53C9AE2CE96}.Release|Any CPU.Build.0 = Release|Any CPU
		{54A0A95B-DAEF-4684-B29F-995F0B01143B}.Debug|Any CPU.ActiveCfg = Debug|Any CPU
		{54A0A95B-DAEF-4684-B29F-995F0B01143B}.Debug|Any CPU.Build.0 = Debug|Any CPU
		{54A0A95B-DAEF-4684-B29F-995F0B01143B}.Release|Any CPU.ActiveCfg = Release|Any CPU
		{54A0A95B-DAEF-4684-B29F-995F0B01143B}.Release|Any CPU.Build.0 = Release|Any CPU
		{A74A4C43-1316-44EF-B116-CE9A1064B79C}.Debug|Any CPU.ActiveCfg = Debug|Any CPU
		{A74A4C43-1316-44EF-B116-CE9A1064B79C}.Debug|Any CPU.Build.0 = Debug|Any CPU
		{A74A4C43-1316-44EF-B116-CE9A1064B79C}.Release|Any CPU.ActiveCfg = Release|Any CPU
		{A74A4C43-1316-44EF-B116-CE9A1064B79C}.Release|Any CPU.Build.0 = Release|Any CPU
		{1E0A4D10-52DA-4AAD-AD4D-7D2BD007F898}.Debug|Any CPU.ActiveCfg = Debug|Any CPU
		{1E0A4D10-52DA-4AAD-AD4D-7D2BD007F898}.Debug|Any CPU.Build.0 = Debug|Any CPU
		{1E0A4D10-52DA-4AAD-AD4D-7D2BD007F898}.Release|Any CPU.ActiveCfg = Release|Any CPU
		{1E0A4D10-52DA-4AAD-AD4D-7D2BD007F898}.Release|Any CPU.Build.0 = Release|Any CPU
	EndGlobalSection
	GlobalSection(SolutionProperties) = preSolution
		HideSolutionNode = FALSE
	EndGlobalSection
	GlobalSection(ExtensibilityGlobals) = postSolution
		SolutionGuid = {B5B3C4A7-C247-4FD0-AAE2-A3039FA27F78}
	EndGlobalSection
EndGlobal
